
Microsoft Visual Studio Solution File, Format Version 12.00
# Visual Studio Version 17
VisualStudioVersion = 17.12.35521.163
MinimumVisualStudioVersion = 10.0.40219.1
Project("{FAE04EC0-301F-11D3-BF4B-00C04F79EFBC}") = "BlazorPathHelper", "src\BlazorPathHelper\BlazorPathHelper.csproj", "{41E1583C-2B8C-4449-A122-5B56BDDFB163}"
EndProject
Project("{FAE04EC0-301F-11D3-BF4B-00C04F79EFBC}") = "BlazorPathHelper.Core", "src\BlazorPathHelper.Core\BlazorPathHelper.Core.csproj", "{F709826E-7B9F-47FF-817C-BD098BA57E23}"
EndProject
Project("{FAE04EC0-301F-11D3-BF4B-00C04F79EFBC}") = "BlazorPathHelper.Generator", "src\BlazorPathHelper.Generator\BlazorPathHelper.Generator.csproj", "{CFF7EC8D-9301-4B9F-8717-F945CB6D5F47}"
EndProject
Project("{FAE04EC0-301F-11D3-BF4B-00C04F79EFBC}") = "BlazorPathHelper.Tests", "tests\BlazorPathHelper.Tests\BlazorPathHelper.Tests.csproj", "{8AD53737-CA98-4DDB-9AAF-1DF611B225FE}"
EndProject
Project("{FAE04EC0-301F-11D3-BF4B-00C04F79EFBC}") = "Example.Plain", "examples\Example.Plain\Example.Plain.csproj", "{A46B3D5F-4226-4670-BB57-7D1BD462EC1E}"
EndProject
Project("{FAE04EC0-301F-11D3-BF4B-00C04F79EFBC}") = "Example.FluentUI", "examples\Example.FluentUI\Example.FluentUI.csproj", "{304A157F-78C6-4245-90E5-46F63E477260}"
EndProject
Project("{FAE04EC0-301F-11D3-BF4B-00C04F79EFBC}") = "Example.AntBlazor.Pro", "examples\Example.AntBlazor.Pro\Example.AntBlazor.Pro.csproj", "{609E34CE-3FB0-46B1-BDB4-A22457AD5276}"
EndProject
Project("{FAE04EC0-301F-11D3-BF4B-00C04F79EFBC}") = "Example.AntBlazor.Standard", "examples\Example.AntBlazor.Standard\Example.AntBlazor.Standard.csproj", "{2CDE2C9D-3588-415F-8C33-642E1F78119F}"
EndProject
Project("{FAE04EC0-301F-11D3-BF4B-00C04F79EFBC}") = "Example.MudBlazor", "examples\Example.MudBlazor\Example.MudBlazor.csproj", "{711B0C92-16E7-4C47-8AF7-1C89060D2C3C}"
EndProject
Project("{FAE04EC0-301F-11D3-BF4B-00C04F79EFBC}") = "Example.Localization", "examples\Example.Localization\Example.Localization.csproj", "{EACA2125-D882-4931-B343-CFF229422853}"
EndProject
Project("{FAE04EC0-301F-11D3-BF4B-00C04F79EFBC}") = "Example.ServerPathBase", "examples\Example.ServerPathBase\Example.ServerPathBase.csproj", "{1E02AE67-8B38-4F72-91AF-F9D22CFE5961}"
EndProject
Project("{2150E333-8FDC-42A3-9474-1A3956D46DE8}") = "src", "src", "{DDB4EF12-CC4E-5E88-E6FC-71A802F4DE97}"
EndProject
Project("{2150E333-8FDC-42A3-9474-1A3956D46DE8}") = "examples", "examples", "{4C0B733E-530E-4249-86A9-5846734837B6}"
EndProject
Project("{2150E333-8FDC-42A3-9474-1A3956D46DE8}") = "tests", "tests", "{C7E9EAEA-09DC-44FE-B860-41708679EAEA}"
EndProject
Global
	GlobalSection(SolutionConfigurationPlatforms) = preSolution
		Debug|Any CPU = Debug|Any CPU
		Release|Any CPU = Release|Any CPU
	EndGlobalSection
	GlobalSection(ProjectConfigurationPlatforms) = postSolution
		{41E1583C-2B8C-4449-A122-5B56BDDFB163}.Debug|Any CPU.ActiveCfg = Debug|Any CPU
		{41E1583C-2B8C-4449-A122-5B56BDDFB163}.Debug|Any CPU.Build.0 = Debug|Any CPU
		{41E1583C-2B8C-4449-A122-5B56BDDFB163}.Release|Any CPU.ActiveCfg = Release|Any CPU
		{41E1583C-2B8C-4449-A122-5B56BDDFB163}.Release|Any CPU.Build.0 = Release|Any CPU
		{F709826E-7B9F-47FF-817C-BD098BA57E23}.Debug|Any CPU.ActiveCfg = Debug|Any CPU
		{F709826E-7B9F-47FF-817C-BD098BA57E23}.Debug|Any CPU.Build.0 = Debug|Any CPU
		{F709826E-7B9F-47FF-817C-BD098BA57E23}.Release|Any CPU.ActiveCfg = Release|Any CPU
		{F709826E-7B9F-47FF-817C-BD098BA57E23}.Release|Any CPU.Build.0 = Release|Any CPU
		{CFF7EC8D-9301-4B9F-8717-F945CB6D5F47}.Debug|Any CPU.ActiveCfg = Debug|Any CPU
		{CFF7EC8D-9301-4B9F-8717-F945CB6D5F47}.Debug|Any CPU.Build.0 = Debug|Any CPU
		{CFF7EC8D-9301-4B9F-8717-F945CB6D5F47}.Release|Any CPU.ActiveCfg = Release|Any CPU
		{CFF7EC8D-9301-4B9F-8717-F945CB6D5F47}.Release|Any CPU.Build.0 = Release|Any CPU
		{8AD53737-CA98-4DDB-9AAF-1DF611B225FE}.Debug|Any CPU.ActiveCfg = Debug|Any CPU
		{8AD53737-CA98-4DDB-9AAF-1DF611B225FE}.Debug|Any CPU.Build.0 = Debug|Any CPU
		{8AD53737-CA98-4DDB-9AAF-1DF611B225FE}.Release|Any CPU.ActiveCfg = Release|Any CPU
		{8AD53737-CA98-4DDB-9AAF-1DF611B225FE}.Release|Any CPU.Build.0 = Release|Any CPU
		{A46B3D5F-4226-4670-BB57-7D1BD462EC1E}.Debug|Any CPU.ActiveCfg = Debug|Any CPU
		{A46B3D5F-4226-4670-BB57-7D1BD462EC1E}.Debug|Any CPU.Build.0 = Debug|Any CPU
		{A46B3D5F-4226-4670-BB57-7D1BD462EC1E}.Release|Any CPU.ActiveCfg = Release|Any CPU
		{A46B3D5F-4226-4670-BB57-7D1BD462EC1E}.Release|Any CPU.Build.0 = Release|Any CPU
		{304A157F-78C6-4245-90E5-46F63E477260}.Debug|Any CPU.ActiveCfg = Debug|Any CPU
		{304A157F-78C6-4245-90E5-46F63E477260}.Debug|Any CPU.Build.0 = Debug|Any CPU
		{304A157F-78C6-4245-90E5-46F63E477260}.Release|Any CPU.ActiveCfg = Release|Any CPU
		{304A157F-78C6-4245-90E5-46F63E477260}.Release|Any CPU.Build.0 = Release|Any CPU
		{609E34CE-3FB0-46B1-BDB4-A22457AD5276}.Debug|Any CPU.ActiveCfg = Debug|Any CPU
		{609E34CE-3FB0-46B1-BDB4-A22457AD5276}.Debug|Any CPU.Build.0 = Debug|Any CPU
		{609E34CE-3FB0-46B1-BDB4-A22457AD5276}.Release|Any CPU.ActiveCfg = Release|Any CPU
		{609E34CE-3FB0-46B1-BDB4-A22457AD5276}.Release|Any CPU.Build.0 = Release|Any CPU
		{2CDE2C9D-3588-415F-8C33-642E1F78119F}.Debug|Any CPU.ActiveCfg = Debug|Any CPU
		{2CDE2C9D-3588-415F-8C33-642E1F78119F}.Debug|Any CPU.Build.0 = Debug|Any CPU
		{2CDE2C9D-3588-415F-8C33-642E1F78119F}.Release|Any CPU.ActiveCfg = Release|Any CPU
		{2CDE2C9D-3588-415F-8C33-642E1F78119F}.Release|Any CPU.Build.0 = Release|Any CPU
		{711B0C92-16E7-4C47-8AF7-1C89060D2C3C}.Debug|Any CPU.ActiveCfg = Debug|Any CPU
		{711B0C92-16E7-4C47-8AF7-1C89060D2C3C}.Debug|Any CPU.Build.0 = Debug|Any CPU
		{711B0C92-16E7-4C47-8AF7-1C89060D2C3C}.Release|Any CPU.ActiveCfg = Release|Any CPU
		{711B0C92-16E7-4C47-8AF7-1C89060D2C3C}.Release|Any CPU.Build.0 = Release|Any CPU
		{EACA2125-D882-4931-B343-CFF229422853}.Debug|Any CPU.ActiveCfg = Debug|Any CPU
		{EACA2125-D882-4931-B343-CFF229422853}.Debug|Any CPU.Build.0 = Debug|Any CPU
		{EACA2125-D882-4931-B343-CFF229422853}.Release|Any CPU.ActiveCfg = Release|Any CPU
		{EACA2125-D882-4931-B343-CFF229422853}.Release|Any CPU.Build.0 = Release|Any CPU
		{1E02AE67-8B38-4F72-91AF-F9D22CFE5961}.Debug|Any CPU.ActiveCfg = Debug|Any CPU
		{1E02AE67-8B38-4F72-91AF-F9D22CFE5961}.Debug|Any CPU.Build.0 = Debug|Any CPU
		{1E02AE67-8B38-4F72-91AF-F9D22CFE5961}.Release|Any CPU.ActiveCfg = Release|Any CPU
		{1E02AE67-8B38-4F72-91AF-F9D22CFE5961}.Release|Any CPU.Build.0 = Release|Any CPU
	EndGlobalSection
	GlobalSection(SolutionProperties) = preSolution
		HideSolutionNode = FALSE
	EndGlobalSection
	GlobalSection(NestedProjects) = preSolution
		{41E1583C-2B8C-4449-A122-5B56BDDFB163} = {DDB4EF12-CC4E-5E88-E6FC-71A802F4DE97}
		{F709826E-7B9F-47FF-817C-BD098BA57E23} = {DDB4EF12-CC4E-5E88-E6FC-71A802F4DE97}
		{CFF7EC8D-9301-4B9F-8717-F945CB6D5F47} = {DDB4EF12-CC4E-5E88-E6FC-71A802F4DE97}
		{8AD53737-CA98-4DDB-9AAF-1DF611B225FE} = {C7E9EAEA-09DC-44FE-B860-41708679EAEA}
		{A46B3D5F-4226-4670-BB57-7D1BD462EC1E} = {4C0B733E-530E-4249-86A9-5846734837B6}
		{304A157F-78C6-4245-90E5-46F63E477260} = {4C0B733E-530E-4249-86A9-5846734837B6}
		{609E34CE-3FB0-46B1-BDB4-A22457AD5276} = {4C0B733E-530E-4249-86A9-5846734837B6}
		{2CDE2C9D-3588-415F-8C33-642E1F78119F} = {4C0B733E-530E-4249-86A9-5846734837B6}
		{711B0C92-16E7-4C47-8AF7-1C89060D2C3C} = {4C0B733E-530E-4249-86A9-5846734837B6}
		{EACA2125-D882-4931-B343-CFF229422853} = {4C0B733E-530E-4249-86A9-5846734837B6}
		{1E02AE67-8B38-4F72-91AF-F9D22CFE5961} = {4C0B733E-530E-4249-86A9-5846734837B6}
	EndGlobalSection
	GlobalSection(ExtensibilityGlobals) = postSolution
		SolutionGuid = {36AE79DD-7720-450D-B7DC-4E65CA5F39F2}
	EndGlobalSection
EndGlobal
